import javax.swing.JFrame;
import javax.swing.JScrollPane;
import java.awt.BorderLayout;
import java.awt.Point;
import javax.swing.JTable;
import javax.swing.JPanel;
import javax.swing.JButton;
import javax.swing.table.DefaultTableModel;
import java.awt.Dimension;
import java.awt.event.MouseAdapter;
import java.awt.event.MouseEvent;
public class scanner {
  int n=0;
  int row1;
  int sum=0;
  String[][] a={
		  {"1","汉堡","6"},
		  {"2","可乐","3"},
		  {"3","雪碧","3"},
		  {"4","巧克力","10"},
		  {"5","雪糕1","1"},
		  {"6","雪糕2","1"},
		  {"7","雪糕3","1"},
		  {"8","雪糕4","1"},
		  {"9","雪糕5","1"},
		  {"10","雪糕6","1"},
		  {"11","雪糕7","1"},
		  {"12","雪糕8","1"},
		  {"13","雪糕9","1"},
		  {"14","雪糕10","1"},
		  {"15","雪糕11","1"},
		  {"16","雪糕12","1"},
		  {"17","雪糕13","1"}
  };
  shop3 s1;
  shop2 S2=new shop2();
  String[] str1={"编码","货物名称","单价"};
  Object[][] Ob={};
  JFrame f2=new JFrame();
  private JTable table;
  private JScrollPane scrollPane;
  public void AddTable(JTable table){
		DefaultTableModel model=(DefaultTableModel)table.getModel();
		Object Ob1[]=new Object[3];
		for(int i=0;i<3;++i)
			Ob1[i]="";
		model.addRow(Ob1);
		table.setModel(model);
	}//添加新表行
  public void InitTable(JTable table,String Data[][]){
		int i;
		for(i=0;i<Data.length;++i)
		{
			AddTable(table);
			for(int j=0;j<3;++j)
				S2.ChangeTable(Data[i][j],i,j,table);
		}
		
	}//初始化列表
  public void init(shop3 s){
	s1=s;
  	f2.setResizable(false);
  	f2.setSize(new Dimension(500, 300));
  	f2.setTitle("scanner");
  	f2.setVisible(true);
  	f2.setLocation(new Point(1200, 400));
  	scrollPane = new JScrollPane();
  	f2.getContentPane().add(scrollPane, BorderLayout.CENTER);
  	table = new JTable(n,3);
  	table.addMouseListener(new MouseAdapter(){
		public void mouseClicked(MouseEvent e){
			if(e.getButton()==MouseEvent.BUTTON1&&e.getClickCount()==1)
			  row1=table.rowAtPoint(e.getPoint());
		}
	}
	);
  	table.setModel(new DefaultTableModel(Ob,str1));
  	InitTable(table,a);
  	scrollPane.setViewportView(table);
  	JPanel panel = new JPanel();
  	f2.getContentPane().add(panel, BorderLayout.SOUTH);
  	JButton btnNewButton = new JButton("放入购物车");
  	btnNewButton.addMouseListener(new MouseAdapter() {
  		@Override
  		public void mouseClicked(MouseEvent e) {
  			if(e.getButton()==MouseEvent.BUTTON1)
  				{if(s1.sum!=0)
  					{s1.sum=0;
  					 int j=s1.table.getRowCount();
  					 DefaultTableModel model1=(DefaultTableModel)s1.table.getModel();
  					 for(int i=0;i<j;++i)
  					  model1.removeRow(0);
  					  sum=0;
  					  s1.table.setModel(model1);
  					  s1.lblNewLabel.setText("");
  					  s1.lblNewLabel_1.setText("");
  					  s1.textField.setText("");
  					  s1.lblNewLabel.revalidate();
  					}
  				 int j=s1.ISame(s1.table,table.getValueAt(row1, 0));
                  if(j<s1.table.getRowCount())
  				  {   String a1=String.valueOf(s1.table.getValueAt(j,3));
                	  int a2=Integer.valueOf(a1)+1;
  				      a1=String.valueOf(a2);
  					  Object a=a1;
  					  s1.table.setValueAt(a,j,3);
  					  sum=sum+Integer.valueOf((String)table.getValueAt(row1,2));
 					  s1.lblNewLabel.setText(String.valueOf(sum));
  				  }
  				  else if(j==s1.table.getRowCount()){
  					  s1.AddTable(s1.table);
  					  for(int k=0;k<3;++k)
  						  s1.table.setValueAt(table.getValueAt(row1,k),j,k);
  					      s1.table.setValueAt("1",j,3);
  					  sum=sum+Integer.valueOf((String)table.getValueAt(row1,2));
  					  s1.lblNewLabel.setText(String.valueOf(sum));
  				  }
  				}
  		}
  	});
  	panel.add(btnNewButton);	
  	f2.setVisible(true);
  }
}
import javax.swing.JFrame;

import java.awt.Dimension;
import java.awt.Graphics;
import java.awt.Image;
import java.awt.Point;

import javax.swing.GroupLayout;
import javax.swing.GroupLayout.Alignment;
import javax.swing.JPanel;

import java.awt.Color;

import javax.swing.Icon;
import javax.swing.ImageIcon;
import javax.swing.JTextField;
import javax.swing.JPasswordField;
import javax.swing.LayoutStyle.ComponentPlacement;
import javax.swing.JButton;
import javax.swing.JLabel;

import java.awt.event.MouseAdapter;
import java.awt.event.MouseEvent;
import java.net.URL;
import java.awt.Component;
import java.awt.BorderLayout;
import java.awt.CardLayout;
import java.awt.FlowLayout;
import java.awt.GridLayout;
public class shop1 {
 int flag=1;
 shop3 SHOP3;
 static shop1 SHOP1;
 JFrame f=new JFrame("登录");
 private JTextField textField;
 private JPasswordField passwordField;
 class LoginPanel extends JPanel{
	 public LoginPanel(){
	 }
	 public void paint(Graphics g){
		 ImageIcon icon=new ImageIcon("src/shop/shop.jpg");
			//g.drawImage(icon.getImage(),0,0,getSize().width,getSize().height,this);
			g.drawImage(icon.getImage(),0,0,1000,410,this);
	 }
	 }
public void init(){
	f.setVisible(true);
	f.getContentPane().setName("");
	f.setLocation(new Point(800, 400));
	f.setSize(new Dimension(451, 289));
	LoginPanel panel=new LoginPanel();
	panel.setVisible(true);
	//panel.setBackground(Color.BLACK);
	f.getContentPane().add(panel);
	f.getContentPane().add(panel,BorderLayout.NORTH);
	JLabel label = new JLabel("账号：");
	textField = new JTextField();
	textField.setColumns(10);
	JLabel label_1 = new JLabel("密码：");
	passwordField = new JPasswordField();
	JButton button = new JButton("登录");
	button.addMouseListener(new MouseAdapter() {
		@Override
		public void mouseClicked(MouseEvent e) {
			if(e.getButton()==MouseEvent.BUTTON1)
			{ if(flag==0)
				{f.setVisible(false);
				shop2 SHOP2=new shop2();
				SHOP2.init();}
			  else
				{f.setVisible(false);
				 SHOP3=new shop3();
			     SHOP3.Init(SHOP1);
			     }
				
			}
		}
	});
	
	JButton button_1 = new JButton("注册");
	JPanel panel_1 = new JPanel();
	panel_1.add(panel);
	GroupLayout groupLayout = new GroupLayout(f.getContentPane());
	groupLayout.setHorizontalGroup(
		groupLayout.createParallelGroup(Alignment.LEADING)
			.addGroup(groupLayout.createSequentialGroup()
				.addGroup(groupLayout.createParallelGroup(Alignment.LEADING)
					.addGroup(groupLayout.createSequentialGroup()
						.addGap(15)
						.addComponent(label)
						.addPreferredGap(ComponentPlacement.UNRELATED)
						.addComponent(textField, GroupLayout.PREFERRED_SIZE, 117, GroupLayout.PREFERRED_SIZE))
					.addGroup(groupLayout.createSequentialGroup()
						.addGap(100)
						.addComponent(button)))
				.addGroup(groupLayout.createParallelGroup(Alignment.LEADING)
					.addGroup(groupLayout.createSequentialGroup()
						.addGap(18)
						.addComponent(label_1)
						.addGap(18)
						.addComponent(passwordField, GroupLayout.PREFERRED_SIZE, 117, GroupLayout.PREFERRED_SIZE))
					.addGroup(groupLayout.createSequentialGroup()
						.addGap(90)
						.addComponent(button_1)))
				.addContainerGap(44, Short.MAX_VALUE))
			.addComponent(panel_1, GroupLayout.DEFAULT_SIZE, 433, Short.MAX_VALUE)
	);
	groupLayout.setVerticalGroup(
		groupLayout.createParallelGroup(Alignment.LEADING)
			.addGroup(groupLayout.createSequentialGroup()
				.addComponent(panel_1, GroupLayout.PREFERRED_SIZE, 130, GroupLayout.PREFERRED_SIZE)
				.addPreferredGap(ComponentPlacement.RELATED)
				.addGroup(groupLayout.createParallelGroup(Alignment.BASELINE)
					.addComponent(textField, GroupLayout.PREFERRED_SIZE, GroupLayout.DEFAULT_SIZE, GroupLayout.PREFERRED_SIZE)
					.addComponent(label)
					.addComponent(label_1)
					.addComponent(passwordField, GroupLayout.PREFERRED_SIZE, GroupLayout.DEFAULT_SIZE, GroupLayout.PREFERRED_SIZE))
				.addGap(27)
				.addGroup(groupLayout.createParallelGroup(Alignment.BASELINE)
					.addComponent(button)
					.addComponent(button_1))
				.addContainerGap(59, Short.MAX_VALUE))
	);
	panel_1.setLayout(new GridLayout(1, 0, 0, 0));
	f.getContentPane().setLayout(groupLayout);}
public static void main(String[]args){
	SHOP1=new shop1();
	SHOP1.init();
}
}

import javax.swing.JFrame;
import javax.swing.JPanel;
import java.awt.BorderLayout;
import java.awt.Color;
import java.awt.Dimension;
import java.awt.Point;
import java.util.Vector;

import javax.swing.JScrollPane;
import javax.swing.JTable;
import javax.swing.table.DefaultTableModel;
import java.awt.event.MouseAdapter;
import java.awt.event.MouseEvent;
import javax.swing.JMenuBar;
import javax.swing.JMenu;
import javax.swing.JButton;
import java.awt.GridLayout;
import javax.swing.SwingConstants;
import javax.swing.GroupLayout;
import javax.swing.GroupLayout.Alignment;
import javax.swing.LayoutStyle.ComponentPlacement;
import java.awt.event.ActionListener;
import java.awt.event.ActionEvent;
import javax.swing.JMenuItem;
import java.awt.event.ItemListener;
import java.awt.event.ItemEvent;
import javax.swing.event.MenuListener;
import javax.swing.event.MenuEvent;
public class shop2 {
	int n=0;
	int row1,col1;
	String[][] a={
			{"aaa","aaa","aaa","aaa","aaa","aaa","aaa"},
			{"aaa","aaa","aaa","aaa","aaa","aaa","aaa"},
	};
	JFrame f1=new JFrame();
	private JTable table;
	private JScrollPane scrollPane;
	private JMenuBar menuBar;
	private JMenu mnNewMenu;
	private JMenu mnNewMenu_1;
	private JMenu mnNewMenu_2;
	private JMenu mnNewMenu_3;
	private JPanel panel;
	private JButton btnNewButton;
	private JButton btnNewButton_1;
	private JButton btnNewButton_2;
	private JButton btnNewButton_3;
	private JPanel panel_1;
	private JButton btnNewButton_4;
	private JButton btnNewButton_5;
	private JButton btnNewButton_6;
	private JButton btnNewButton_7;
	private JMenuItem menuItem;
	private JMenuItem menuItem_1;
	private JMenuItem menuItem_2;
	private JMenuItem menuItem_3;
	private JMenuItem menuItem_4;
	private JMenuItem menuItem_5;
	public void AddTable(JTable table){
		DefaultTableModel model=(DefaultTableModel)table.getModel();
		Object Ob1[]=new Object[7];
		for(int i=0;i<7;++i)
			Ob1[i]="";
		model.addRow(Ob1);
		table.setModel(model);
		++n;
	}//添加新表行
	public void RemoveTable(JTable table){
		DefaultTableModel model=(DefaultTableModel)table.getModel();
		model.removeRow(n-1);
		table.setModel(model);
		--n;
	}//移除最后一空行
	public void DeleteTable(JTable table){
		DefaultTableModel model=(DefaultTableModel)table.getModel();
		model.removeRow(row1);
		table.setModel(model);
		--n;
	}//删除某一行
	public void ChangeTable(Object Value,int row,int col,JTable table){
		DefaultTableModel model=(DefaultTableModel)table.getModel();
		model.setValueAt(Value,row,col);
		table.setModel(model);
	}//更改列表值
	public String GetTable(int row,int col,JTable table){
		String Value=(String)table.getValueAt(row, col);
		return Value;
	}//获得列表值
	public void InitTable(JTable table,String Data[][]){
		int i;
		for(i=0;i<Data.length;++i)
		{
			AddTable(table);
			for(int j=0;j<7;++j)
				ChangeTable(Data[i][j],i,j,table);
		}
		
	}//初始化列表
	public void init(){
		final String[] str1={"员工号","姓名","性别","年龄","工资","工作岗位","联系电话"};
		final String[] str2={"编码","货物名称","单价","进货价","供应商","数量(个)","保质期"};
		final Object[][] Ob={};
		table = new JTable(0,7);
		table.setVisible(false);
		table.addMouseListener(new MouseAdapter(){
			public void mouseClicked(MouseEvent e){
				if(e.getButton()==MouseEvent.BUTTON1&&e.getClickCount()==1)
				  row1=table.rowAtPoint(e.getPoint());
				  col1=table.columnAtPoint(e.getPoint());
			}
			
		}
				);
		f1.setLocation(new Point(700, 600));
		f1.setSize(new Dimension(595, 312));
		scrollPane = new JScrollPane();
		scrollPane.setVisible(false);
		f1.getContentPane().add(scrollPane, BorderLayout.CENTER);
		scrollPane.setViewportView(table);
		panel = new JPanel();
		f1.getContentPane().add(panel, BorderLayout.WEST);
		btnNewButton = new JButton("删除");
		btnNewButton.addMouseListener(new MouseAdapter() {
			@Override
			public void mouseClicked(MouseEvent e) {
				if(e.getButton()==MouseEvent.BUTTON1)
					DeleteTable(table);
			}
		});
		btnNewButton_1 = new JButton("New button");
		btnNewButton_2 = new JButton("New button");
		btnNewButton_3 = new JButton("New button");
		GroupLayout gl_panel = new GroupLayout(panel);
		gl_panel.setHorizontalGroup(
			gl_panel.createParallelGroup(Alignment.LEADING)
				.addComponent(btnNewButton_2, GroupLayout.PREFERRED_SIZE, 72, Short.MAX_VALUE)
				.addComponent(btnNewButton, GroupLayout.PREFERRED_SIZE, 72, Short.MAX_VALUE)
				.addComponent(btnNewButton_1, GroupLayout.PREFERRED_SIZE, 72, Short.MAX_VALUE)
				.addComponent(btnNewButton_3, GroupLayout.PREFERRED_SIZE, 72, Short.MAX_VALUE)
		);
		gl_panel.setVerticalGroup(
			gl_panel.createParallelGroup(Alignment.LEADING)
				.addGroup(gl_panel.createSequentialGroup()
					.addGap(1)
					.addComponent(btnNewButton)
					.addGap(23)
					.addComponent(btnNewButton_1)
					.addGap(23)
					.addComponent(btnNewButton_2)
					.addGap(23)
					.addComponent(btnNewButton_3)
					.addGap(24))
		);
		panel.setLayout(gl_panel);
		panel_1 = new JPanel();
		f1.getContentPane().add(panel_1, BorderLayout.SOUTH);
		btnNewButton_4 = new JButton("加1");
		btnNewButton_4.addMouseListener(new MouseAdapter() {
			public void mouseClicked(MouseEvent e) {
				if(e.getButton()==MouseEvent.BUTTON1)
					{AddTable(table);
					}
			}
		});
		btnNewButton_5 = new JButton("减1");
		btnNewButton_5.addMouseListener(new MouseAdapter(){
			public void mouseClicked(MouseEvent e){
				if(e.getButton()==MouseEvent.BUTTON1)
				  if(table.getValueAt(n-1,0)=="")
					  RemoveTable(table);	  
				
			}
		}
		);
		btnNewButton_6 = new JButton("清除");
		btnNewButton_6.addMouseListener(new MouseAdapter(){
			public void mouseClicked(MouseEvent e){
			  if(col1>=0&&row1>=0)
				if(e.getButton()==MouseEvent.BUTTON1)
				   ChangeTable("",row1,col1,table);
			}
		}
		);
		btnNewButton_7 = new JButton("保存");
		btnNewButton_7.addMouseListener(new MouseAdapter(){
			public void mouseClicked(MouseEvent e){
			 System.out.println(table.getValueAt(0,0));
			}
		}
		);
		GroupLayout gl_panel_1 = new GroupLayout(panel_1);
		gl_panel_1.setHorizontalGroup(
			gl_panel_1.createParallelGroup(Alignment.LEADING)
				.addGroup(gl_panel_1.createSequentialGroup()
					.addGap(149)
					.addComponent(btnNewButton_4, GroupLayout.PREFERRED_SIZE, 72, GroupLayout.PREFERRED_SIZE)
					.addGap(40)
					.addComponent(btnNewButton_5, GroupLayout.PREFERRED_SIZE, 72, GroupLayout.PREFERRED_SIZE)
					.addGap(45)
					.addComponent(btnNewButton_6, GroupLayout.PREFERRED_SIZE, 72, GroupLayout.PREFERRED_SIZE)
					.addGap(41)
					.addComponent(btnNewButton_7, GroupLayout.PREFERRED_SIZE, 72, GroupLayout.PREFERRED_SIZE)
					.addContainerGap())
		);
		gl_panel_1.setVerticalGroup(
			gl_panel_1.createParallelGroup(Alignment.LEADING)
				.addGroup(gl_panel_1.createSequentialGroup()
					.addGap(5)
					.addGroup(gl_panel_1.createParallelGroup(Alignment.BASELINE)
						.addComponent(btnNewButton_7)
						.addComponent(btnNewButton_6)
						.addComponent(btnNewButton_5)
						.addComponent(btnNewButton_4))
					.addContainerGap())
		);
		panel_1.setLayout(gl_panel_1);
		
		menuBar = new JMenuBar();
		f1.setJMenuBar(menuBar);
		
		mnNewMenu = new JMenu("New menu");
		menuBar.add(mnNewMenu);
		mnNewMenu_1 = new JMenu("查看");
		menuBar.add(mnNewMenu_1);
		//JButton button = new JButton("员工信息");
		//mnNewMenu_1.add(button);
		menuItem = new JMenuItem("货物信息");
		menuItem.addActionListener(new ActionListener() {
			public void actionPerformed(ActionEvent e) {
				if(e.getActionCommand().equals("货物信息"))
				 { 
					table.setModel(new DefaultTableModel(Ob,str2));
				   InitTable(table,a);
				   scrollPane.setVisible(true);
				   table.setVisible(true);
				   f1.revalidate();
				 }
			}
		});
		mnNewMenu_1.add(menuItem);
		
		menuItem_1 = new JMenuItem("员工信息");
		menuItem_1.addActionListener(new ActionListener() {
			public void actionPerformed(ActionEvent e) {
				if(e.getActionCommand().equals("员工信息"))
				 { 
				   table.setModel(new DefaultTableModel(Ob,str1));
				   InitTable(table,a);
				   scrollPane.setVisible(true);
				   table.setVisible(true);
				   f1.revalidate();
				 }
			}
		});
		mnNewMenu_1.add(menuItem_1);
		
		menuItem_2 = new JMenuItem("销售记录");
		mnNewMenu_1.add(menuItem_2);
		mnNewMenu_2 = new JMenu("功能");
		menuBar.add(mnNewMenu_2);
		
		menuItem_3 = new JMenuItem("增添信息");
		menuItem_3.addActionListener(new ActionListener() {
			public void actionPerformed(ActionEvent e) {
				//if(e.getActionCommand().equals("增添信息"))
			}
		});
		mnNewMenu_2.add(menuItem_3);
		
		menuItem_4 = new JMenuItem("修改信息");
		mnNewMenu_2.add(menuItem_4);
		
		menuItem_5 = new JMenuItem("删除信息");
		mnNewMenu_2.add(menuItem_5);
		
		mnNewMenu_3 = new JMenu("New menu");
		menuBar.add(mnNewMenu_3);
		f1.setVisible(true);
		
	}
	public static void main(String[] args) {
		new shop2().init();

	}
}
	import javax.swing.JFrame;
import javax.swing.JScrollPane;

import java.awt.BorderLayout;
import java.awt.Color;
import java.awt.Point;

import javax.swing.JTable;
import javax.swing.JPanel;
import javax.swing.JTextField;
import javax.swing.JLabel;
import javax.swing.JButton;
import javax.swing.table.DefaultTableModel;
import javax.swing.text.JTextComponent;

import java.awt.Dimension;
import java.awt.event.InputMethodListener;
import java.awt.event.InputMethodEvent;
import java.util.Vector;
import java.awt.event.FocusAdapter;
import java.awt.event.FocusEvent;
import java.awt.event.MouseAdapter;
import java.awt.event.MouseEvent;
public class shop3 {
  int sum;
  int pay;
  int balance;
  shop1 SHOP1;
  //static shop3 SHOP3;
  String[] item;
  String[] str1={"编码","货物名称","单价","数量"};
  Object[][] Ob={};
  String same;
  JFrame f3=new JFrame();
  JTable table;
  JLabel lblNewLabel;
  JLabel lblNewLabel_1;
  JTextField textField;
  public int ISame(JTable table,Object O){
	  int i=0;
	  for(;i<table.getRowCount();++i)
	  {
	    if(table.getValueAt(i,0)==O)
	    	return i;
	  }
	  return i;
  }
  public void AddTable(JTable table){
		DefaultTableModel model=(DefaultTableModel)table.getModel();
		Object Ob1[]=new Object[4];
		for(int i=0;i<4;++i)
			Ob1[i]="";
		model.addRow(Ob1);
		table.setModel(model);
	}//添加新表行
  public void Init(shop1 s1){
	  SHOP1=s1;
	JScrollPane scrollPane = new JScrollPane();
		f3.getContentPane().add(scrollPane, BorderLayout.CENTER);
		table= new JTable(0,4);
		table.setModel(new DefaultTableModel(Ob,str1));
		scrollPane.setViewportView(table);
		JPanel panel = new JPanel();
		f3.getContentPane().add(panel, BorderLayout.SOUTH);
		
		JButton button_1 = new JButton("扫描枪");
		button_1.addMouseListener(new MouseAdapter() {
			@Override
			public void mouseClicked(MouseEvent e) {
				if(e.getButton()==MouseEvent.BUTTON1)
					new scanner().init(SHOP1.SHOP3);
			}
		});
		panel.add(button_1);
		
		JLabel label_1 = new JLabel("收款:");
		panel.add(label_1);
		
		textField = new JTextField();
		panel.add(textField);
		textField.setColumns(10);
		
		JLabel lbll = new JLabel("(元)");
		panel.add(lbll);
		JLabel label = new JLabel("总计：");
		panel.add(label);
		JButton button = new JButton("结算");
		button.addMouseListener(new MouseAdapter() {
			@Override
			public void mouseClicked(MouseEvent e) {
				if(e.getButton()==MouseEvent.BUTTON1)
				 {
				  for(int i=0;i<table.getRowCount();++i)
				 {
				   int i1=Integer.valueOf((String)table.getValueAt(i,2));
				   int i2=Integer.valueOf((String)table.getValueAt(i,3));
				   sum+=i1*i2;
				 }
				pay=Integer.valueOf(textField.getText());
				balance=pay-sum;
				lblNewLabel_1.setText(String.valueOf(balance)+"元");
				 }
			}
		});
		lblNewLabel = new JLabel("");
		panel.add(lblNewLabel);
		
		JLabel label_2 = new JLabel("找零:");
		panel.add(label_2);
		lblNewLabel_1 = new JLabel("");
		panel.add(lblNewLabel_1);
		panel.add(button);
		f3.setSize(new Dimension(600, 400));
		f3.setLocation(new Point(600, 400));
		f3.setVisible(true); 
  }
  /*public void Init(){
	  JScrollPane scrollPane = new JScrollPane();
		f3.getContentPane().add(scrollPane, BorderLayout.CENTER);
		table= new JTable(0,4);
		table.setModel(new DefaultTableModel(Ob,str1));
		scrollPane.setViewportView(table);
		JPanel panel = new JPanel();
		f3.getContentPane().add(panel, BorderLayout.SOUTH);
		
		JButton button_1 = new JButton("扫描枪");
		button_1.addMouseListener(new MouseAdapter() {
			@Override
			public void mouseClicked(MouseEvent e) {
				if(e.getButton()==MouseEvent.BUTTON1)
					new scanner().init(SHOP3);
			}
		});
		panel.add(button_1);
		
		JLabel label_1 = new JLabel("收款:");
		panel.add(label_1);
		
		textField = new JTextField();
		panel.add(textField);
		textField.setColumns(10);
		
		JLabel lbll = new JLabel("(元)");
		panel.add(lbll);
		JLabel label = new JLabel("总计：");
		panel.add(label);
		JButton button = new JButton("结算");
		button.addMouseListener(new MouseAdapter() {
			@Override
			public void mouseClicked(MouseEvent e) {
				if(e.getButton()==MouseEvent.BUTTON1)
				 {
				  for(int i=0;i<table.getRowCount();++i)
				 {
				   int i1=Integer.valueOf((String)table.getValueAt(i,2));
				   int i2=Integer.valueOf((String)table.getValueAt(i,3));
				   sum+=i1*i2;
				 }
				pay=Integer.valueOf(textField.getText());
				balance=pay-sum;
				lblNewLabel_1.setText(String.valueOf(balance)+"元");
				 }
			}
		});
		lblNewLabel = new JLabel("");
		panel.add(lblNewLabel);
		
		JLabel label_2 = new JLabel("找零:");
		panel.add(label_2);
		lblNewLabel_1 = new JLabel("");
		panel.add(lblNewLabel_1);
		panel.add(button);
		f3.setSize(new Dimension(600, 400));
		f3.setLocation(new Point(600, 400));
		f3.setVisible(true); 
  }*/
/* public static void main(String[] arg){
	  SHOP3=new shop3();
	  SHOP3.Init(); 
 }*/
}
		



